// !$*UTF8*$!
{
	archiveVersion = 1;
	classes = {
	};
	objectVersion = 46;
	objects = {

/* Begin PBXBuildFile section */
		9BCED85F1E384FEF0048CBC9 /* AppDelegate.swift in Sources */ = {isa = PBXBuildFile; fileRef = 9BCED85E1E384FEF0048CBC9 /* AppDelegate.swift */; };
		9BCED8611E384FEF0048CBC9 /* ViewController.swift in Sources */ = {isa = PBXBuildFile; fileRef = 9BCED8601E384FEF0048CBC9 /* ViewController.swift */; };
		9BCED8641E384FEF0048CBC9 /* Main.storyboard in Resources */ = {isa = PBXBuildFile; fileRef = 9BCED8621E384FEF0048CBC9 /* Main.storyboard */; };
		9BCED8661E384FF00048CBC9 /* Assets.xcassets in Resources */ = {isa = PBXBuildFile; fileRef = 9BCED8651E384FF00048CBC9 /* Assets.xcassets */; };
		9BCED8691E384FF00048CBC9 /* LaunchScreen.storyboard in Resources */ = {isa = PBXBuildFile; fileRef = 9BCED8671E384FF00048CBC9 /* LaunchScreen.storyboard */; };
		9BCED8741E384FF00048CBC9 /* SwiftEyesTests.swift in Sources */ = {isa = PBXBuildFile; fileRef = 9BCED8731E384FF00048CBC9 /* SwiftEyesTests.swift */; };
		9BCED87F1E384FF00048CBC9 /* SwiftEyesUITests.swift in Sources */ = {isa = PBXBuildFile; fileRef = 9BCED87E1E384FF00048CBC9 /* SwiftEyesUITests.swift */; };
/* End PBXBuildFile section */

/* Begin PBXContainerItemProxy section */
		9BCED8701E384FF00048CBC9 /* PBXContainerItemProxy */ = {
			isa = PBXContainerItemProxy;
			containerPortal = 9BCED8531E384FEF0048CBC9 /* Project object */;
			proxyType = 1;
			remoteGlobalIDString = 9BCED85A1E384FEF0048CBC9;
			remoteInfo = SwiftEyes;
		};
		9BCED87B1E384FF00048CBC9 /* PBXContainerItemProxy */ = {
			isa = PBXContainerItemProxy;
			containerPortal = 9BCED8531E384FEF0048CBC9 /* Project object */;
			proxyType = 1;
			remoteGlobalIDString = 9BCED85A1E384FEF0048CBC9;
			remoteInfo = SwiftEyes;
		};
/* End PBXContainerItemProxy section */

/* Begin PBXFileReference section */
		9BCED85B1E384FEF0048CBC9 /* SwiftEyes.app */ = {isa = PBXFileReference; explicitFileType = wrapper.application; includeInIndex = 0; path = SwiftEyes.app; sourceTree = BUILT_PRODUCTS_DIR; };
		9BCED85E1E384FEF0048CBC9 /* AppDelegate.swift */ = {isa = PBXFileReference; lastKnownFileType = sourcecode.swift; path = AppDelegate.swift; sourceTree = "<group>"; };
		9BCED8601E384FEF0048CBC9 /* ViewController.swift */ = {isa = PBXFileReference; lastKnownFileType = sourcecode.swift; path = ViewController.swift; sourceTree = "<group>"; };
		9BCED8631E384FEF0048CBC9 /* Base */ = {isa = PBXFileReference; lastKnownFileType = file.storyboard; name = Base; path = Base.lproj/Main.storyboard; sourceTree = "<group>"; };
		9BCED8651E384FF00048CBC9 /* Assets.xcassets */ = {isa = PBXFileReference; lastKnownFileType = folder.assetcatalog; path = Assets.xcassets; sourceTree = "<group>"; };
		9BCED8681E384FF00048CBC9 /* Base */ = {isa = PBXFileReference; lastKnownFileType = file.storyboard; name = Base; path = Base.lproj/LaunchScreen.storyboard; sourceTree = "<group>"; };
		9BCED86A1E384FF00048CBC9 /* Info.plist */ = {isa = PBXFileReference; lastKnownFileType = text.plist.xml; path = Info.plist; sourceTree = "<group>"; };
		9BCED86F1E384FF00048CBC9 /* SwiftEyesTests.xctest */ = {isa = PBXFileReference; explicitFileType = wrapper.cfbundle; includeInIndex = 0; path = SwiftEyesTests.xctest; sourceTree = BUILT_PRODUCTS_DIR; };
		9BCED8731E384FF00048CBC9 /* SwiftEyesTests.swift */ = {isa = PBXFileReference; lastKnownFileType = sourcecode.swift; path = SwiftEyesTests.swift; sourceTree = "<group>"; };
		9BCED8751E384FF00048CBC9 /* Info.plist */ = {isa = PBXFileReference; lastKnownFileType = text.plist.xml; path = Info.plist; sourceTree = "<group>"; };
		9BCED87A1E384FF00048CBC9 /* SwiftEyesUITests.xctest */ = {isa = PBXFileReference; explicitFileType = wrapper.cfbundle; includeInIndex = 0; path = SwiftEyesUITests.xctest; sourceTree = BUILT_PRODUCTS_DIR; };
		9BCED87E1E384FF00048CBC9 /* SwiftEyesUITests.swift */ = {isa = PBXFileReference; lastKnownFileType = sourcecode.swift; path = SwiftEyesUITests.swift; sourceTree = "<group>"; };
		9BCED8801E384FF00048CBC9 /* Info.plist */ = {isa = PBXFileReference; lastKnownFileType = text.plist.xml; path = Info.plist; sourceTree = "<group>"; };
/* End PBXFileReference section */

/* Begin PBXFrameworksBuildPhase section */
		9BCED8581E384FEF0048CBC9 /* Frameworks */ = {
			isa = PBXFrameworksBuildPhase;
			buildActionMask = 2147483647;
			files = (
			);
			runOnlyForDeploymentPostprocessing = 0;
		};
		9BCED86C1E384FF00048CBC9 /* Frameworks */ = {
			isa = PBXFrameworksBuildPhase;
			buildActionMask = 2147483647;
			files = (
			);
			runOnlyForDeploymentPostprocessing = 0;
		};
		9BCED8771E384FF00048CBC9 /* Frameworks */ = {
			isa = PBXFrameworksBuildPhase;
			buildActionMask = 2147483647;
			files = (
			);
			runOnlyForDeploymentPostprocessing = 0;
		};
/* End PBXFrameworksBuildPhase section */

/* Begin PBXGroup section */
		9BCED8521E384FEF0048CBC9 = {
			isa = PBXGroup;
			children = (
				9BCED85D1E384FEF0048CBC9 /* SwiftEyes */,
				9BCED8721E384FF00048CBC9 /* SwiftEyesTests */,
				9BCED87D1E384FF00048CBC9 /* SwiftEyesUITests */,
				9BCED85C1E384FEF0048CBC9 /* Products */,
			);
			sourceTree = "<group>";
		};
		9BCED85C1E384FEF0048CBC9 /* Products */ = {
			isa = PBXGroup;
			children = (
				9BCED85B1E384FEF0048CBC9 /* SwiftEyes.app */,
				9BCED86F1E384FF00048CBC9 /* SwiftEyesTests.xctest */,
				9BCED87A1E384FF00048CBC9 /* SwiftEyesUITests.xctest */,
			);
			name = Products;
			sourceTree = "<group>";
		};
		9BCED85D1E384FEF0048CBC9 /* SwiftEyes */ = {
			isa = PBXGroup;
			children = (
				9BCED85E1E384FEF0048CBC9 /* AppDelegate.swift */,
				9BCED8601E384FEF0048CBC9 /* ViewController.swift */,
				9BCED8621E384FEF0048CBC9 /* Main.storyboard */,
				9BCED8651E384FF00048CBC9 /* Assets.xcassets */,
				9BCED8671E384FF00048CBC9 /* LaunchScreen.storyboard */,
				9BCED86A1E384FF00048CBC9 /* Info.plist */,
			);
			path = SwiftEyes;
			sourceTree = "<group>";
		};
		9BCED8721E384FF00048CBC9 /* SwiftEyesTests */ = {
			isa = PBXGroup;
			children = (
				9BCED8731E384FF00048CBC9 /* SwiftEyesTests.swift */,
				9BCED8751E384FF00048CBC9 /* Info.plist */,
			);
			path = SwiftEyesTests;
			sourceTree = "<group>";
		};
		9BCED87D1E384FF00048CBC9 /* SwiftEyesUITests */ = {
			isa = PBXGroup;
			children = (
				9BCED87E1E384FF00048CBC9 /* SwiftEyesUITests.swift */,
				9BCED8801E384FF00048CBC9 /* Info.plist */,
			);
			path = SwiftEyesUITests;
			sourceTree = "<group>";
		};
/* End PBXGroup section */

/* Begin PBXNativeTarget section */
		9BCED85A1E384FEF0048CBC9 /* SwiftEyes */ = {
			isa = PBXNativeTarget;
			buildConfigurationList = 9BCED8831E384FF00048CBC9 /* Build configuration list for PBXNativeTarget "SwiftEyes" */;
			buildPhases = (
				9BCED8571E384FEF0048CBC9 /* Sources */,
				9BCED8581E384FEF0048CBC9 /* Frameworks */,
				9BCED8591E384FEF0048CBC9 /* Resources */,
			);
			buildRules = (
			);
			dependencies = (
			);
			name = SwiftEyes;
			productName = SwiftEyes;
			productReference = 9BCED85B1E384FEF0048CBC9 /* SwiftEyes.app */;
			productType = "com.apple.product-type.application";
		};
		9BCED86E1E384FF00048CBC9 /* SwiftEyesTests */ = {
			isa = PBXNativeTarget;
			buildConfigurationList = 9BCED8861E384FF00048CBC9 /* Build configuration list for PBXNativeTarget "SwiftEyesTests" */;
			buildPhases = (
				9BCED86B1E384FF00048CBC9 /* Sources */,
				9BCED86C1E384FF00048CBC9 /* Frameworks */,
				9BCED86D1E384FF00048CBC9 /* Resources */,
			);
			buildRules = (
			);
			dependencies = (
				9BCED8711E384FF00048CBC9 /* PBXTargetDependency */,
			);
			name = SwiftEyesTests;
			productName = SwiftEyesTests;
			productReference = 9BCED86F1E384FF00048CBC9 /* SwiftEyesTests.xctest */;
			productType = "com.apple.product-type.bundle.unit-test";
		};
		9BCED8791E384FF00048CBC9 /* SwiftEyesUITests */ = {
			isa = PBXNativeTarget;
			buildConfigurationList = 9BCED8891E384FF00048CBC9 /* Build configuration list for PBXNativeTarget "SwiftEyesUITests" */;
			buildPhases = (
				9BCED8761E384FF00048CBC9 /* Sources */,
				9BCED8771E384FF00048CBC9 /* Frameworks */,
				9BCED8781E384FF00048CBC9 /* Resources */,
			);
			buildRules = (
			);
			dependencies = (
				9BCED87C1E384FF00048CBC9 /* PBXTargetDependency */,
			);
			name = SwiftEyesUITests;
			productName = SwiftEyesUITests;
			productReference = 9BCED87A1E384FF00048CBC9 /* SwiftEyesUITests.xctest */;
			productType = "com.apple.product-type.bundle.ui-testing";
		};
/* End PBXNativeTarget section */

/* Begin PBXProject section */
		9BCED8531E384FEF0048CBC9 /* Project object */ = {
			isa = PBXProject;
			attributes = {
				LastSwiftUpdateCheck = 0820;
				LastUpgradeCheck = 0820;
				ORGANIZATIONNAME = swiftwithme;
				TargetAttributes = {
					9BCED85A1E384FEF0048CBC9 = {
						CreatedOnToolsVersion = 8.2.1;
						DevelopmentTeam = 7JP8NP67JM;
						ProvisioningStyle = Automatic;
					};
					9BCED86E1E384FF00048CBC9 = {
						CreatedOnToolsVersion = 8.2.1;
						DevelopmentTeam = 7JP8NP67JM;
						ProvisioningStyle = Automatic;
						TestTargetID = 9BCED85A1E384FEF0048CBC9;
					};
					9BCED8791E384FF00048CBC9 = {
						CreatedOnToolsVersion = 8.2.1;
						DevelopmentTeam = 7JP8NP67JM;
						ProvisioningStyle = Automatic;
						TestTargetID = 9BCED85A1E384FEF0048CBC9;
					};
				};
			};
			buildConfigurationList = 9BCED8561E384FEF0048CBC9 /* Build configuration list for PBXProject "SwiftEyes" */;
			compatibilityVersion = "Xcode 3.2";
			developmentRegion = English;
			hasScannedForEncodings = 0;
			knownRegions = (
				en,
				Base,
			);
			mainGroup = 9BCED8521E384FEF0048CBC9;
			productRefGroup = 9BCED85C1E384FEF0048CBC9 /* Products */;
			projectDirPath = "";
			projectRoot = "";
			targets = (
				9BCED85A1E384FEF0048CBC9 /* SwiftEyes */,
				9BCED86E1E384FF00048CBC9 /* SwiftEyesTests */,
				9BCED8791E384FF00048CBC9 /* SwiftEyesUITests */,
			);
		};
/* End PBXProject section */

/* Begin PBXResourcesBuildPhase section */
		9BCED8591E384FEF0048CBC9 /* Resources */ = {
			isa = PBXResourcesBuildPhase;
			buildActionMask = 2147483647;
			files = (
				9BCED8691E384FF00048CBC9 /* LaunchScreen.storyboard in Resources */,
				9BCED8661E384FF00048CBC9 /* Assets.xcassets in Resources */,
				9BCED8641E384FEF0048CBC9 /* Main.storyboard in Resources */,
			);
			runOnlyForDeploymentPostprocessing = 0;
		};
		9BCED86D1E384FF00048CBC9 /* Resources */ = {
			isa = PBXResourcesBuildPhase;
			buildActionMask = 2147483647;
			files = (
			);
			runOnlyForDeploymentPostprocessing = 0;
		};
		9BCED8781E384FF00048CBC9 /* Resources */ = {
			isa = PBXResourcesBuildPhase;
			buildActionMask = 2147483647;
			files = (
			);
			runOnlyForDeploymentPostprocessing = 0;
		};
/* End PBXResourcesBuildPhase section */

/* Begin PBXSourcesBuildPhase section */
		9BCED8571E384FEF0048CBC9 /* Sources */ = {
			isa = PBXSourcesBuildPhase;
			buildActionMask = 2147483647;
			files = (
				9BCED8611E384FEF0048CBC9 /* ViewController.swift in Sources */,
				9BCED85F1E384FEF0048CBC9 /* AppDelegate.swift in Sources */,
			);
			runOnlyForDeploymentPostprocessing = 0;
		};
		9BCED86B1E384FF00048CBC9 /* Sources */ = {
			isa = PBXSourcesBuildPhase;
			buildActionMask = 2147483647;
			files = (
				9BCED8741E384FF00048CBC9 /* SwiftEyesTests.swift in Sources */,
			);
			runOnlyForDeploymentPostprocessing = 0;
		};
		9BCED8761E384FF00048CBC9 /* Sources */ = {
			isa = PBXSourcesBuildPhase;
			buildActionMask = 2147483647;
			files = (
				9BCED87F1E384FF00048CBC9 /* SwiftEyesUITests.swift in Sources */,
			);
			runOnlyForDeploymentPostprocessing = 0;
		};
/* End PBXSourcesBuildPhase section */

/* Begin PBXTargetDependency section */
		9BCED8711E384FF00048CBC9 /* PBXTargetDependency */ = {
			isa = PBXTargetDependency;
			target = 9BCED85A1E384FEF0048CBC9 /* SwiftEyes */;
			targetProxy = 9BCED8701E384FF00048CBC9 /* PBXContainerItemProxy */;
		};
		9BCED87C1E384FF00048CBC9 /* PBXTargetDependency */ = {
			isa = PBXTargetDependency;
			target = 9BCED85A1E384FEF0048CBC9 /* SwiftEyes */;
			targetProxy = 9BCED87B1E384FF00048CBC9 /* PBXContainerItemProxy */;
		};
/* End PBXTargetDependency section */

/* Begin PBXVariantGroup section */
		9BCED8621E384FEF0048CBC9 /* Main.storyboard */ = {
			isa = PBXVariantGroup;
			children = (
				9BCED8631E384FEF0048CBC9 /* Base */,
			);
			name = Main.storyboard;
			sourceTree = "<group>";
		};
		9BCED8671E384FF00048CBC9 /* LaunchScreen.storyboard */ = {
			isa = PBXVariantGroup;
			children = (
				9BCED8681E384FF00048CBC9 /* Base */,
			);
			name = LaunchScreen.storyboard;
			sourceTree = "<group>";
		};
/* End PBXVariantGroup section */

/* Begin XCBuildConfiguration section */
		9BCED8811E384FF00048CBC9 /* Debug */ = {
			isa = XCBuildConfiguration;
			buildSettings = {
				ALWAYS_SEARCH_USER_PATHS = NO;
				CLANG_ANALYZER_NONNULL = YES;
				CLANG_CXX_LANGUAGE_STANDARD = "gnu++0x";
				CLANG_CXX_LIBRARY = "libc++";
				CLANG_ENABLE_MODULES = YES;
				CLANG_ENABLE_OBJC_ARC = YES;
				CLANG_WARN_BOOL_CONVERSION = YES;
				CLANG_WARN_CONSTANT_CONVERSION = YES;
				CLANG_WARN_DIRECT_OBJC_ISA_USAGE = YES_ERROR;
				CLANG_WARN_DOCUMENTATION_COMMENTS = YES;
				CLANG_WARN_EMPTY_BODY = YES;
				CLANG_WARN_ENUM_CONVERSION = YES;
				CLANG_WARN_INFINITE_RECURSION = YES;
				CLANG_WARN_INT_CONVERSION = YES;
				CLANG_WARN_OBJC_ROOT_CLASS = YES_ERROR;
				CLANG_WARN_SUSPICIOUS_MOVE = YES;
				CLANG_WARN_UNREACHABLE_CODE = YES;
				CLANG_WARN__DUPLICATE_METHOD_MATCH = YES;
				"CODE_SIGN_IDENTITY[sdk=iphoneos*]" = "iPhone Developer";
				COPY_PHASE_STRIP = NO;
				DEBUG_INFORMATION_FORMAT = dwarf;
				ENABLE_STRICT_OBJC_MSGSEND = YES;
				ENABLE_TESTABILITY = YES;
				GCC_C_LANGUAGE_STANDARD = gnu99;
				GCC_DYNAMIC_NO_PIC = NO;
				GCC_NO_COMMON_BLOCKS = YES;
				GCC_OPTIMIZATION_LEVEL = 0;
				GCC_PREPROCESSOR_DEFINITIONS = (
					"DEBUG=1",
					"$(inherited)",
				);
				GCC_WARN_64_TO_32_BIT_CONVERSION = YES;
				GCC_WARN_ABOUT_RETURN_TYPE = YES_ERROR;
				GCC_WARN_UNDECLARED_SELECTOR = YES;
				GCC_WARN_UNINITIALIZED_AUTOS = YES_AGGRESSIVE;
				GCC_WARN_UNUSED_FUNCTION = YES;
				GCC_WARN_UNUSED_VARIABLE = YES;
				IPHONEOS_DEPLOYMENT_TARGET = 10.2;
				MTL_ENABLE_DEBUG_INFO = YES;
				ONLY_ACTIVE_ARCH = YES;
				SDKROOT = iphoneos;
				SWIFT_ACTIVE_COMPILATION_CONDITIONS = DEBUG;
				SWIFT_OPTIMIZATION_LEVEL = "-Onone";
			};
			name = Debug;
		};
		9BCED8821E384FF00048CBC9 /* Release */ = {
			isa = XCBuildConfiguration;
			buildSettings = {
				ALWAYS_SEARCH_USER_PATHS = NO;
				CLANG_ANALYZER_NONNULL = YES;
				CLANG_CXX_LANGUAGE_STANDARD = "gnu++0x";
				CLANG_CXX_LIBRARY = "libc++";
				CLANG_ENABLE_MODULES = YES;
				CLANG_ENABLE_OBJC_ARC = YES;
				CLANG_WARN_BOOL_CONVERSION = YES;
				CLANG_WARN_CONSTANT_CONVERSION = YES;
				CLANG_WARN_DIRECT_OBJC_ISA_USAGE = YES_ERROR;
				CLANG_WARN_DOCUMENTATION_COMMENTS = YES;
				CLANG_WARN_EMPTY_BODY = YES;
				CLANG_WARN_ENUM_CONVERSION = YES;
				CLANG_WARN_INFINITE_RECURSION = YES;
				CLANG_WARN_INT_CONVERSION = YES;
				CLANG_WARN_OBJC_ROOT_CLASS = YES_ERROR;
				CLANG_WARN_SUSPICIOUS_MOVE = YES;
				CLANG_WARN_UNREACHABLE_CODE = YES;
				CLANG_WARN__DUPLICATE_METHOD_MATCH = YES;
				"CODE_SIGN_IDENTITY[sdk=iphoneos*]" = "iPhone Developer";
				COPY_PHASE_STRIP = NO;
				DEBUG_INFORMATION_FORMAT = "dwarf-with-dsym";
				ENABLE_NS_ASSERTIONS = NO;
				ENABLE_STRICT_OBJC_MSGSEND = YES;
				GCC_C_LANGUAGE_STANDARD = gnu99;
				GCC_NO_COMMON_BLOCKS = YES;
				GCC_WARN_64_TO_32_BIT_CONVERSION = YES;
				GCC_WARN_ABOUT_RETURN_TYPE = YES_ERROR;
				GCC_WARN_UNDECLARED_SELECTOR = YES;
				GCC_WARN_UNINITIALIZED_AUTOS = YES_AGGRESSIVE;
				GCC_WARN_UNUSED_FUNCTION = YES;
				GCC_WARN_UNUSED_VARIABLE = YES;
				IPHONEOS_DEPLOYMENT_TARGET = 10.2;
				MTL_ENABLE_DEBUG_INFO = NO;
				SDKROOT = iphoneos;
				SWIFT_OPTIMIZATION_LEVEL = "-Owholemodule";
				VALIDATE_PRODUCT = YES;
			};
			name = Release;
		};
		9BCED8841E384FF00048CBC9 /* Debug */ = {
			isa = XCBuildConfiguration;
			buildSettings = {
				ASSETCATALOG_COMPILER_APPICON_NAME = AppIcon;
				DEVELOPMENT_TEAM = 7JP8NP67JM;
				INFOPLIST_FILE = SwiftEyes/Info.plist;
				LD_RUNPATH_SEARCH_PATHS = "$(inherited) @executable_path/Frameworks";
				PRODUCT_BUNDLE_IDENTIFIER = com.swiftwithme.SwiftEyes;
				PRODUCT_NAME = "$(TARGET_NAME)";
				SWIFT_VERSION = 3.0;
			};
			name = Debug;
		};
		9BCED8851E384FF00048CBC9 /* Release */ = {
			isa = XCBuildConfiguration;
			buildSettings = {
				ASSETCATALOG_COMPILER_APPICON_NAME = AppIcon;
				DEVELOPMENT_TEAM = 7JP8NP67JM;
				INFOPLIST_FILE = SwiftEyes/Info.plist;
				LD_RUNPATH_SEARCH_PATHS = "$(inherited) @executable_path/Frameworks";
				PRODUCT_BUNDLE_IDENTIFIER = com.swiftwithme.SwiftEyes;
				PRODUCT_NAME = "$(TARGET_NAME)";
				SWIFT_VERSION = 3.0;
			};
			name = Release;
		};
		9BCED8871E384FF00048CBC9 /* Debug */ = {
			isa = XCBuildConfiguration;
			buildSettings = {
				ALWAYS_EMBED_SWIFT_STANDARD_LIBRARIES = YES;
				BUNDLE_LOADER = "$(TEST_HOST)";
				DEVELOPMENT_TEAM = 7JP8NP67JM;
				INFOPLIST_FILE = SwiftEyesTests/Info.plist;
				LD_RUNPATH_SEARCH_PATHS = "$(inherited) @executable_path/Frameworks @loader_path/Frameworks";
				PRODUCT_BUNDLE_IDENTIFIER = com.swiftwithme.SwiftEyesTests;
				PRODUCT_NAME = "$(TARGET_NAME)";
				SWIFT_VERSION = 3.0;
				TEST_HOST = "$(BUILT_PRODUCTS_DIR)/SwiftEyes.app/SwiftEyes";
			};
			name = Debug;
		};
		9BCED8881E384FF00048CBC9 /* Release */ = {
			isa = XCBuildConfiguration;
			buildSettings = {
				ALWAYS_EMBED_SWIFT_STANDARD_LIBRARIES = YES;
				BUNDLE_LOADER = "$(TEST_HOST)";
				DEVELOPMENT_TEAM = 7JP8NP67JM;
				INFOPLIST_FILE = SwiftEyesTests/Info.plist;
				LD_RUNPATH_SEARCH_PATHS = "$(inherited) @executable_path/Frameworks @loader_path/Frameworks";
				PRODUCT_BUNDLE_IDENTIFIER = com.swiftwithme.SwiftEyesTests;
				PRODUCT_NAME = "$(TARGET_NAME)";
				SWIFT_VERSION = 3.0;
				TEST_HOST = "$(BUILT_PRODUCTS_DIR)/SwiftEyes.app/SwiftEyes";
			};
			name = Release;
		};
		9BCED88A1E384FF00048CBC9 /* Debug */ = {
			isa = XCBuildConfiguration;
			buildSettings = {
				ALWAYS_EMBED_SWIFT_STANDARD_LIBRARIES = YES;
				DEVELOPMENT_TEAM = 7JP8NP67JM;
				INFOPLIST_FILE = SwiftEyesUITests/Info.plist;
				LD_RUNPATH_SEARCH_PATHS = "$(inherited) @executable_path/Frameworks @loader_path/Frameworks";
				PRODUCT_BUNDLE_IDENTIFIER = com.swiftwithme.SwiftEyesUITests;
				PRODUCT_NAME = "$(TARGET_NAME)";
				SWIFT_VERSION = 3.0;
				TEST_TARGET_NAME = SwiftEyes;
			};
			name = Debug;
		};
		9BCED88B1E384FF00048CBC9 /* Release */ = {
			isa = XCBuildConfiguration;
			buildSettings = {
				ALWAYS_EMBED_SWIFT_STANDARD_LIBRARIES = YES;
				DEVELOPMENT_TEAM = 7JP8NP67JM;
				INFOPLIST_FILE = SwiftEyesUITests/Info.plist;
				LD_RUNPATH_SEARCH_PATHS = "$(inherited) @executable_path/Frameworks @loader_path/Frameworks";
				PRODUCT_BUNDLE_IDENTIFIER = com.swiftwithme.SwiftEyesUITests;
				PRODUCT_NAME = "$(TARGET_NAME)";
				SWIFT_VERSION = 3.0;
				TEST_TARGET_NAME = SwiftEyes;
			};
			name = Release;
		};
/* End XCBuildConfiguration section */

/* Begin XCConfigurationList section */
		9BCED8561E384FEF0048CBC9 /* Build configuration list for PBXProject "SwiftEyes" */ = {
			isa = XCConfigurationList;
			buildConfigurations = (
				9BCED8811E384FF00048CBC9 /* Debug */,
				9BCED8821E384FF00048CBC9 /* Release */,
			);
			defaultConfigurationIsVisible = 0;
			defaultConfigurationName = Release;
		};
		9BCED8831E384FF00048CBC9 /* Build configuration list for PBXNativeTarget "SwiftEyes" */ = {
			isa = XCConfigurationList;
			buildConfigurations = (
				9BCED8841E384FF00048CBC9 /* Debug */,
				9BCED8851E384FF00048CBC9 /* Release */,
			);
			defaultConfigurationIsVisible = 0;
		};
		9BCED8861E384FF00048CBC9 /* Build configuration list for PBXNativeTarget "SwiftEyesTests" */ = {
			isa = XCConfigurationList;
			buildConfigurations = (
				9BCED8871E384FF00048CBC9 /* Debug */,
				9BCED8881E384FF00048CBC9 /* Release */,
			);
			defaultConfigurationIsVisible = 0;
		};
		9BCED8891E384FF00048CBC9 /* Build configuration list for PBXNativeTarget "SwiftEyesUITests" */ = {
			isa = XCConfigurationList;
			buildConfigurations = (
				9BCED88A1E384FF00048CBC9 /* Debug */,
				9BCED88B1E384FF00048CBC9 /* Release */,
			);
			defaultConfigurationIsVisible = 0;
		};
/* End XCConfigurationList section */
	};
	rootObject = 9BCED8531E384FEF0048CBC9 /* Project object */;
}
